
Microsoft Visual Studio Solution File, Format Version 12.00
# Visual Studio Version 17
VisualStudioVersion = 17.9.34902.65
MinimumVisualStudioVersion = 10.0.40219.1
Project("{FAE04EC0-301F-11D3-BF4B-00C04F79EFBC}") = "AsuncionDesktop", "AsuncionDesktop\AsuncionDesktop.csproj", "{0618BF6E-912D-47FC-80DF-41C90762FDD0}"
EndProject
Global
	GlobalSection(SolutionConfigurationPlatforms) = preSolution
		Debug|Any CPU = Debug|Any CPU
		Release|Any CPU = Release|Any CPU
	EndGlobalSection
	GlobalSection(ProjectConfigurationPlatforms) = postSolution
		{0618BF6E-912D-47FC-80DF-41C90762FDD0}.Debug|Any CPU.ActiveCfg = Debug|Any CPU
		{0618BF6E-912D-47FC-80DF-41C90762FDD0}.Debug|Any CPU.Build.0 = Debug|Any CPU
		{0618BF6E-912D-47FC-80DF-41C90762FDD0}.Release|Any CPU.ActiveCfg = Release|Any CPU
		{0618BF6E-912D-47FC-80DF-41C90762FDD0}.Release|Any CPU.Build.0 = Release|Any CPU
	EndGlobalSection
	GlobalSection(SolutionProperties) = preSolution
		HideSolutionNode = FALSE
	EndGlobalSection
	GlobalSection(ExtensibilityGlobals) = postSolution
		SolutionGuid = {47D4BE5B-3A17-430C-945F-649B552AF5E8}
	EndGlobalSection
EndGlobal
